<Solution>
  <Project Path="DataversePolicyEnforcement.Client/DataversePolicyEnforcement.Client.esproj">
    <Build />
    <Deploy />
  </Project>
  <Project Path="DataversePolicyEnforcement.Core/DataversePolicyEnforcement.Core.csproj" Id="338ec228-19b6-4e04-8124-0eeb99884886" />
  <Project Path="DataversePolicyEnforcement.CustomApi/DataversePolicyEnforcement.CustomApi.csproj" Id="06fb04bd-6f76-4f72-9a2f-3510181e8cc4" />
  <Project Path="DataversePolicyEnforcement.Models/DataversePolicyEnforcement.Models.csproj" Id="ffba5cb4-f326-4dea-bccb-7f0cf229fa1c" />
  <Project Path="DataversePolicyEnforcement.Plugins/DataversePolicyEnforcement.Plugins.csproj" Id="475eca96-8b8f-42e9-bd2e-a91d708f6f9c" />
  <Project Path="DataversePolicyEnforcement.Tests/DataversePolicyEnforcement.Tests.csproj" Id="be2ac451-e0eb-4476-b397-4a917c5757a5" />
  <Properties Name="CRMSolutionProperties">
    <Property Name="SolutionIsBoundToCRM" Value="True" />
  </Properties>
</Solution>
